
Microsoft Visual Studio Solution File, Format Version 12.00
# Visual Studio Version 16
VisualStudioVersion = 16.0.30523.141
MinimumVisualStudioVersion = 10.0.40219.1
Project("{FAE04EC0-301F-11D3-BF4B-00C04F79EFBC}") = "Social-core-exended", "Social-core-exended.csproj", "{DA9B4968-8A52-4A24-B311-86D881C1D155}"
EndProject
Global
	GlobalSection(SolutionConfigurationPlatforms) = preSolution
		Debug|Any CPU = Debug|Any CPU
		Release|Any CPU = Release|Any CPU
	EndGlobalSection
	GlobalSection(ProjectConfigurationPlatforms) = postSolution
		{DA9B4968-8A52-4A24-B311-86D881C1D155}.Debug|Any CPU.ActiveCfg = Debug|Any CPU
		{DA9B4968-8A52-4A24-B311-86D881C1D155}.Debug|Any CPU.Build.0 = Debug|Any CPU
		{DA9B4968-8A52-4A24-B311-86D881C1D155}.Release|Any CPU.ActiveCfg = Release|Any CPU
		{DA9B4968-8A52-4A24-B311-86D881C1D155}.Release|Any CPU.Build.0 = Release|Any CPU
	EndGlobalSection
	GlobalSection(SolutionProperties) = preSolution
		HideSolutionNode = FALSE
	EndGlobalSection
	GlobalSection(ExtensibilityGlobals) = postSolution
		SolutionGuid = {2B51A2FB-EE75-437F-B3E9-916C6EA63441}
	EndGlobalSection
EndGlobal
